
Microsoft Visual Studio Solution File, Format Version 12.00
# Visual Studio Version 16
VisualStudioVersion = 16.0.30114.105
MinimumVisualStudioVersion = 10.0.40219.1
Project("{FAE04EC0-301F-11D3-BF4B-00C04F79EFBC}") = "KeywordStatic", "KeywordStatic\KeywordStatic.csproj", "{B372EA32-D7C0-43E1-9308-3CB843921B1B}"
EndProject
Global
	GlobalSection(SolutionConfigurationPlatforms) = preSolution
		Debug|Any CPU = Debug|Any CPU
		Release|Any CPU = Release|Any CPU
	EndGlobalSection
	GlobalSection(ProjectConfigurationPlatforms) = postSolution
		{B372EA32-D7C0-43E1-9308-3CB843921B1B}.Debug|Any CPU.ActiveCfg = Debug|Any CPU
		{B372EA32-D7C0-43E1-9308-3CB843921B1B}.Debug|Any CPU.Build.0 = Debug|Any CPU
		{B372EA32-D7C0-43E1-9308-3CB843921B1B}.Release|Any CPU.ActiveCfg = Release|Any CPU
		{B372EA32-D7C0-43E1-9308-3CB843921B1B}.Release|Any CPU.Build.0 = Release|Any CPU
	EndGlobalSection
	GlobalSection(SolutionProperties) = preSolution
		HideSolutionNode = FALSE
	EndGlobalSection
	GlobalSection(ExtensibilityGlobals) = postSolution
		SolutionGuid = {1351EA0B-A469-4144-9FFA-479E1952790D}
	EndGlobalSection
EndGlobal
