
Microsoft Visual Studio Solution File, Format Version 12.00
# Visual Studio Version 16
VisualStudioVersion = 16.0.30114.105
MinimumVisualStudioVersion = 10.0.40219.1
Project("{FAE04EC0-301F-11D3-BF4B-00C04F79EFBC}") = "MethodOverloading", "MethodOverloading\MethodOverloading.csproj", "{B4B34CB7-582B-4AD1-AB85-0759986FAF2F}"
EndProject
Global
	GlobalSection(SolutionConfigurationPlatforms) = preSolution
		Debug|Any CPU = Debug|Any CPU
		Release|Any CPU = Release|Any CPU
	EndGlobalSection
	GlobalSection(ProjectConfigurationPlatforms) = postSolution
		{B4B34CB7-582B-4AD1-AB85-0759986FAF2F}.Debug|Any CPU.ActiveCfg = Debug|Any CPU
		{B4B34CB7-582B-4AD1-AB85-0759986FAF2F}.Debug|Any CPU.Build.0 = Debug|Any CPU
		{B4B34CB7-582B-4AD1-AB85-0759986FAF2F}.Release|Any CPU.ActiveCfg = Release|Any CPU
		{B4B34CB7-582B-4AD1-AB85-0759986FAF2F}.Release|Any CPU.Build.0 = Release|Any CPU
	EndGlobalSection
	GlobalSection(SolutionProperties) = preSolution
		HideSolutionNode = FALSE
	EndGlobalSection
	GlobalSection(ExtensibilityGlobals) = postSolution
		SolutionGuid = {5277BA1D-6A7B-44F7-8454-8E803D6D69F1}
	EndGlobalSection
EndGlobal
