
Microsoft Visual Studio Solution File, Format Version 12.00
# Visual Studio Version 16
VisualStudioVersion = 16.0.30114.105
MinimumVisualStudioVersion = 10.0.40219.1
Project("{FAE04EC0-301F-11D3-BF4B-00C04F79EFBC}") = "MethodParams", "MethodParams\MethodParams.csproj", "{0CA670BD-A7F2-41B5-AA96-212CCFAAA6A6}"
EndProject
Global
	GlobalSection(SolutionConfigurationPlatforms) = preSolution
		Debug|Any CPU = Debug|Any CPU
		Release|Any CPU = Release|Any CPU
	EndGlobalSection
	GlobalSection(ProjectConfigurationPlatforms) = postSolution
		{0CA670BD-A7F2-41B5-AA96-212CCFAAA6A6}.Debug|Any CPU.ActiveCfg = Debug|Any CPU
		{0CA670BD-A7F2-41B5-AA96-212CCFAAA6A6}.Debug|Any CPU.Build.0 = Debug|Any CPU
		{0CA670BD-A7F2-41B5-AA96-212CCFAAA6A6}.Release|Any CPU.ActiveCfg = Release|Any CPU
		{0CA670BD-A7F2-41B5-AA96-212CCFAAA6A6}.Release|Any CPU.Build.0 = Release|Any CPU
	EndGlobalSection
	GlobalSection(SolutionProperties) = preSolution
		HideSolutionNode = FALSE
	EndGlobalSection
	GlobalSection(ExtensibilityGlobals) = postSolution
		SolutionGuid = {480DD129-8518-4BE4-8A53-DB14EB3A21A3}
	EndGlobalSection
EndGlobal
