
Microsoft Visual Studio Solution File, Format Version 12.00
# Visual Studio Version 16
VisualStudioVersion = 16.0.30114.105
MinimumVisualStudioVersion = 10.0.40219.1
Project("{FAE04EC0-301F-11D3-BF4B-00C04F79EFBC}") = "ForLoop", "ForLoop\ForLoop.csproj", "{FC52D52C-242B-4B46-9AB9-E80FA188208E}"
EndProject
Global
	GlobalSection(SolutionConfigurationPlatforms) = preSolution
		Debug|Any CPU = Debug|Any CPU
		Release|Any CPU = Release|Any CPU
	EndGlobalSection
	GlobalSection(ProjectConfigurationPlatforms) = postSolution
		{FC52D52C-242B-4B46-9AB9-E80FA188208E}.Debug|Any CPU.ActiveCfg = Debug|Any CPU
		{FC52D52C-242B-4B46-9AB9-E80FA188208E}.Debug|Any CPU.Build.0 = Debug|Any CPU
		{FC52D52C-242B-4B46-9AB9-E80FA188208E}.Release|Any CPU.ActiveCfg = Release|Any CPU
		{FC52D52C-242B-4B46-9AB9-E80FA188208E}.Release|Any CPU.Build.0 = Release|Any CPU
	EndGlobalSection
	GlobalSection(SolutionProperties) = preSolution
		HideSolutionNode = FALSE
	EndGlobalSection
	GlobalSection(ExtensibilityGlobals) = postSolution
		SolutionGuid = {5985CDEC-64AB-4792-B16A-8C3D7A005B9C}
	EndGlobalSection
EndGlobal
