
Microsoft Visual Studio Solution File, Format Version 12.00
# Visual Studio Version 16
VisualStudioVersion = 16.0.30114.105
MinimumVisualStudioVersion = 10.0.40219.1
Project("{FAE04EC0-301F-11D3-BF4B-00C04F79EFBC}") = "Arrays", "Arrays\Arrays.csproj", "{C93B811F-2564-4FD3-B7B3-62AEE970F262}"
EndProject
Global
	GlobalSection(SolutionConfigurationPlatforms) = preSolution
		Debug|Any CPU = Debug|Any CPU
		Release|Any CPU = Release|Any CPU
	EndGlobalSection
	GlobalSection(ProjectConfigurationPlatforms) = postSolution
		{C93B811F-2564-4FD3-B7B3-62AEE970F262}.Debug|Any CPU.ActiveCfg = Debug|Any CPU
		{C93B811F-2564-4FD3-B7B3-62AEE970F262}.Debug|Any CPU.Build.0 = Debug|Any CPU
		{C93B811F-2564-4FD3-B7B3-62AEE970F262}.Release|Any CPU.ActiveCfg = Release|Any CPU
		{C93B811F-2564-4FD3-B7B3-62AEE970F262}.Release|Any CPU.Build.0 = Release|Any CPU
	EndGlobalSection
	GlobalSection(SolutionProperties) = preSolution
		HideSolutionNode = FALSE
	EndGlobalSection
	GlobalSection(ExtensibilityGlobals) = postSolution
		SolutionGuid = {1A3FDC8B-7F2A-4720-9622-ECC0D54FD60D}
	EndGlobalSection
EndGlobal
