
Microsoft Visual Studio Solution File, Format Version 12.00
# Visual Studio Version 16
VisualStudioVersion = 16.0.30114.105
MinimumVisualStudioVersion = 10.0.40219.1
Project("{FAE04EC0-301F-11D3-BF4B-00C04F79EFBC}") = "DuplicatedDataArray", "DuplicatedDataArray\DuplicatedDataArray.csproj", "{A47EC3E8-873A-4983-B1E6-84033961C086}"
EndProject
Global
	GlobalSection(SolutionConfigurationPlatforms) = preSolution
		Debug|Any CPU = Debug|Any CPU
		Release|Any CPU = Release|Any CPU
	EndGlobalSection
	GlobalSection(ProjectConfigurationPlatforms) = postSolution
		{A47EC3E8-873A-4983-B1E6-84033961C086}.Debug|Any CPU.ActiveCfg = Debug|Any CPU
		{A47EC3E8-873A-4983-B1E6-84033961C086}.Debug|Any CPU.Build.0 = Debug|Any CPU
		{A47EC3E8-873A-4983-B1E6-84033961C086}.Release|Any CPU.ActiveCfg = Release|Any CPU
		{A47EC3E8-873A-4983-B1E6-84033961C086}.Release|Any CPU.Build.0 = Release|Any CPU
	EndGlobalSection
	GlobalSection(SolutionProperties) = preSolution
		HideSolutionNode = FALSE
	EndGlobalSection
	GlobalSection(ExtensibilityGlobals) = postSolution
		SolutionGuid = {F86B0472-E401-4018-97A9-1829C0001CF2}
	EndGlobalSection
EndGlobal
